// !$*UTF8*$!
{
	archiveVersion = 1;
	classes = {
	};
	objectVersion = 46;
	objects = {

/* Begin PBXBuildFile section */
		D03E38631C78656F000AADE2 /* AppDelegate.m in Sources */ = {isa = PBXBuildFile; fileRef = D03E38601C78656F000AADE2 /* AppDelegate.m */; };
		D03E38691C786635000AADE2 /* Info.plist in Resources */ = {isa = PBXBuildFile; fileRef = D03E38671C786635000AADE2 /* Info.plist */; };
		D03E386A1C786635000AADE2 /* main.m in Sources */ = {isa = PBXBuildFile; fileRef = D03E38681C786635000AADE2 /* main.m */; };
		D03E38A21C786838000AADE2 /* XQZAttentionViewController.m in Sources */ = {isa = PBXBuildFile; fileRef = D03E38871C786838000AADE2 /* XQZAttentionViewController.m */; };
		D03E38A31C786838000AADE2 /* XQZBestViewController.m in Sources */ = {isa = PBXBuildFile; fileRef = D03E388D1C786838000AADE2 /* XQZBestViewController.m */; };
		D03E38A41C786838000AADE2 /* XQZTabBarController.m in Sources */ = {isa = PBXBuildFile; fileRef = D03E38931C786838000AADE2 /* XQZTabBarController.m */; };
		D03E38A51C786838000AADE2 /* XQZMeViewController.m in Sources */ = {isa = PBXBuildFile; fileRef = D03E38991C786838000AADE2 /* XQZMeViewController.m */; };
		D03E38A61C786838000AADE2 /* XQZNewViewController.m in Sources */ = {isa = PBXBuildFile; fileRef = D03E389F1C786838000AADE2 /* XQZNewViewController.m */; };
		D03E38A91C7869DF000AADE2 /* XQZTabBar.m in Sources */ = {isa = PBXBuildFile; fileRef = D03E38A81C7869DF000AADE2 /* XQZTabBar.m */; };
		D09F9C6A1C59242400D36083 /* Assets.xcassets in Resources */ = {isa = PBXBuildFile; fileRef = D09F9C691C59242400D36083 /* Assets.xcassets */; };
		D09F9C6D1C59242400D36083 /* LaunchScreen.storyboard in Resources */ = {isa = PBXBuildFile; fileRef = D09F9C6B1C59242400D36083 /* LaunchScreen.storyboard */; };
/* End PBXBuildFile section */

/* Begin PBXFileReference section */
		D03E385F1C78656F000AADE2 /* AppDelegate.h */ = {isa = PBXFileReference; fileEncoding = 4; lastKnownFileType = sourcecode.c.h; path = AppDelegate.h; sourceTree = "<group>"; };
		D03E38601C78656F000AADE2 /* AppDelegate.m */ = {isa = PBXFileReference; fileEncoding = 4; lastKnownFileType = sourcecode.c.objc; path = AppDelegate.m; sourceTree = "<group>"; };
		D03E38671C786635000AADE2 /* Info.plist */ = {isa = PBXFileReference; fileEncoding = 4; lastKnownFileType = text.plist.xml; path = Info.plist; sourceTree = "<group>"; };
		D03E38681C786635000AADE2 /* main.m */ = {isa = PBXFileReference; fileEncoding = 4; lastKnownFileType = sourcecode.c.objc; path = main.m; sourceTree = "<group>"; };
		D03E38861C786838000AADE2 /* XQZAttentionViewController.h */ = {isa = PBXFileReference; fileEncoding = 4; lastKnownFileType = sourcecode.c.h; path = XQZAttentionViewController.h; sourceTree = "<group>"; };
		D03E38871C786838000AADE2 /* XQZAttentionViewController.m */ = {isa = PBXFileReference; fileEncoding = 4; lastKnownFileType = sourcecode.c.objc; path = XQZAttentionViewController.m; sourceTree = "<group>"; };
		D03E388C1C786838000AADE2 /* XQZBestViewController.h */ = {isa = PBXFileReference; fileEncoding = 4; lastKnownFileType = sourcecode.c.h; path = XQZBestViewController.h; sourceTree = "<group>"; };
		D03E388D1C786838000AADE2 /* XQZBestViewController.m */ = {isa = PBXFileReference; fileEncoding = 4; lastKnownFileType = sourcecode.c.objc; path = XQZBestViewController.m; sourceTree = "<group>"; };
		D03E38921C786838000AADE2 /* XQZTabBarController.h */ = {isa = PBXFileReference; fileEncoding = 4; lastKnownFileType = sourcecode.c.h; path = XQZTabBarController.h; sourceTree = "<group>"; };
		D03E38931C786838000AADE2 /* XQZTabBarController.m */ = {isa = PBXFileReference; fileEncoding = 4; lastKnownFileType = sourcecode.c.objc; path = XQZTabBarController.m; sourceTree = "<group>"; };
		D03E38981C786838000AADE2 /* XQZMeViewController.h */ = {isa = PBXFileReference; fileEncoding = 4; lastKnownFileType = sourcecode.c.h; path = XQZMeViewController.h; sourceTree = "<group>"; };
		D03E38991C786838000AADE2 /* XQZMeViewController.m */ = {isa = PBXFileReference; fileEncoding = 4; lastKnownFileType = sourcecode.c.objc; path = XQZMeViewController.m; sourceTree = "<group>"; };
		D03E389E1C786838000AADE2 /* XQZNewViewController.h */ = {isa = PBXFileReference; fileEncoding = 4; lastKnownFileType = sourcecode.c.h; path = XQZNewViewController.h; sourceTree = "<group>"; };
		D03E389F1C786838000AADE2 /* XQZNewViewController.m */ = {isa = PBXFileReference; fileEncoding = 4; lastKnownFileType = sourcecode.c.objc; path = XQZNewViewController.m; sourceTree = "<group>"; };
		D03E38A71C7869DF000AADE2 /* XQZTabBar.h */ = {isa = PBXFileReference; fileEncoding = 4; lastKnownFileType = sourcecode.c.h; path = XQZTabBar.h; sourceTree = "<group>"; };
		D03E38A81C7869DF000AADE2 /* XQZTabBar.m */ = {isa = PBXFileReference; fileEncoding = 4; lastKnownFileType = sourcecode.c.objc; path = XQZTabBar.m; sourceTree = "<group>"; };
		D09F9C5A1C59242400D36083 /* PuzzledSister.app */ = {isa = PBXFileReference; explicitFileType = wrapper.application; includeInIndex = 0; path = PuzzledSister.app; sourceTree = BUILT_PRODUCTS_DIR; };
		D09F9C691C59242400D36083 /* Assets.xcassets */ = {isa = PBXFileReference; lastKnownFileType = folder.assetcatalog; path = Assets.xcassets; sourceTree = "<group>"; };
		D09F9C6C1C59242400D36083 /* Base */ = {isa = PBXFileReference; lastKnownFileType = file.storyboard; name = Base; path = Base.lproj/LaunchScreen.storyboard; sourceTree = "<group>"; };
/* End PBXFileReference section */

/* Begin PBXFrameworksBuildPhase section */
		D09F9C571C59242400D36083 /* Frameworks */ = {
			isa = PBXFrameworksBuildPhase;
			buildActionMask = 2147483647;
			files = (
			);
			runOnlyForDeploymentPostprocessing = 0;
		};
/* End PBXFrameworksBuildPhase section */

/* Begin PBXGroup section */
		D03E385E1C78656F000AADE2 /* Other */ = {
			isa = PBXGroup;
			children = (
				D03E385F1C78656F000AADE2 /* AppDelegate.h */,
				D03E38601C78656F000AADE2 /* AppDelegate.m */,
			);
			path = Other;
			sourceTree = "<group>";
		};
		D03E38831C786838000AADE2 /* Classes */ = {
			isa = PBXGroup;
			children = (
				D03E38841C786838000AADE2 /* Attention */,
				D03E388A1C786838000AADE2 /* Best */,
				D03E38901C786838000AADE2 /* Main */,
				D03E38961C786838000AADE2 /* Me */,
				D03E389C1C786838000AADE2 /* New */,
			);
			path = Classes;
			sourceTree = "<group>";
		};
		D03E38841C786838000AADE2 /* Attention */ = {
			isa = PBXGroup;
			children = (
				D03E38851C786838000AADE2 /* Controller */,
				D03E38881C786838000AADE2 /* Model */,
				D03E38891C786838000AADE2 /* View */,
			);
			path = Attention;
			sourceTree = "<group>";
		};
		D03E38851C786838000AADE2 /* Controller */ = {
			isa = PBXGroup;
			children = (
				D03E38861C786838000AADE2 /* XQZAttentionViewController.h */,
				D03E38871C786838000AADE2 /* XQZAttentionViewController.m */,
			);
			path = Controller;
			sourceTree = "<group>";
		};
		D03E38881C786838000AADE2 /* Model */ = {
			isa = PBXGroup;
			children = (
			);
			path = Model;
			sourceTree = "<group>";
		};
		D03E38891C786838000AADE2 /* View */ = {
			isa = PBXGroup;
			children = (
			);
			path = View;
			sourceTree = "<group>";
		};
		D03E388A1C786838000AADE2 /* Best */ = {
			isa = PBXGroup;
			children = (
				D03E388B1C786838000AADE2 /* Controller */,
				D03E388E1C786838000AADE2 /* Model */,
				D03E388F1C786838000AADE2 /* View */,
			);
			path = Best;
			sourceTree = "<group>";
		};
		D03E388B1C786838000AADE2 /* Controller */ = {
			isa = PBXGroup;
			children = (
				D03E388C1C786838000AADE2 /* XQZBestViewController.h */,
				D03E388D1C786838000AADE2 /* XQZBestViewController.m */,
			);
			path = Controller;
			sourceTree = "<group>";
		};
		D03E388E1C786838000AADE2 /* Model */ = {
			isa = PBXGroup;
			children = (
			);
			path = Model;
			sourceTree = "<group>";
		};
		D03E388F1C786838000AADE2 /* View */ = {
			isa = PBXGroup;
			children = (
			);
			path = View;
			sourceTree = "<group>";
		};
		D03E38901C786838000AADE2 /* Main */ = {
			isa = PBXGroup;
			children = (
				D03E38911C786838000AADE2 /* Controller */,
				D03E38941C786838000AADE2 /* Model */,
				D03E38951C786838000AADE2 /* View */,
			);
			path = Main;
			sourceTree = "<group>";
		};
		D03E38911C786838000AADE2 /* Controller */ = {
			isa = PBXGroup;
			children = (
				D03E38921C786838000AADE2 /* XQZTabBarController.h */,
				D03E38931C786838000AADE2 /* XQZTabBarController.m */,
			);
			path = Controller;
			sourceTree = "<group>";
		};
		D03E38941C786838000AADE2 /* Model */ = {
			isa = PBXGroup;
			children = (
			);
			path = Model;
			sourceTree = "<group>";
		};
		D03E38951C786838000AADE2 /* View */ = {
			isa = PBXGroup;
			children = (
				D03E38A71C7869DF000AADE2 /* XQZTabBar.h */,
				D03E38A81C7869DF000AADE2 /* XQZTabBar.m */,
			);
			path = View;
			sourceTree = "<group>";
		};
		D03E38961C786838000AADE2 /* Me */ = {
			isa = PBXGroup;
			children = (
				D03E38971C786838000AADE2 /* Controller */,
				D03E389A1C786838000AADE2 /* Model */,
				D03E389B1C786838000AADE2 /* View */,
			);
			path = Me;
			sourceTree = "<group>";
		};
		D03E38971C786838000AADE2 /* Controller */ = {
			isa = PBXGroup;
			children = (
				D03E38981C786838000AADE2 /* XQZMeViewController.h */,
				D03E38991C786838000AADE2 /* XQZMeViewController.m */,
			);
			path = Controller;
			sourceTree = "<group>";
		};
		D03E389A1C786838000AADE2 /* Model */ = {
			isa = PBXGroup;
			children = (
			);
			path = Model;
			sourceTree = "<group>";
		};
		D03E389B1C786838000AADE2 /* View */ = {
			isa = PBXGroup;
			children = (
			);
			path = View;
			sourceTree = "<group>";
		};
		D03E389C1C786838000AADE2 /* New */ = {
			isa = PBXGroup;
			children = (
				D03E389D1C786838000AADE2 /* Controller */,
				D03E38A01C786838000AADE2 /* Model */,
				D03E38A11C786838000AADE2 /* View */,
			);
			path = New;
			sourceTree = "<group>";
		};
		D03E389D1C786838000AADE2 /* Controller */ = {
			isa = PBXGroup;
			children = (
				D03E389E1C786838000AADE2 /* XQZNewViewController.h */,
				D03E389F1C786838000AADE2 /* XQZNewViewController.m */,
			);
			path = Controller;
			sourceTree = "<group>";
		};
		D03E38A01C786838000AADE2 /* Model */ = {
			isa = PBXGroup;
			children = (
			);
			path = Model;
			sourceTree = "<group>";
		};
		D03E38A11C786838000AADE2 /* View */ = {
			isa = PBXGroup;
			children = (
			);
			path = View;
			sourceTree = "<group>";
		};
		D09F9C511C59242400D36083 = {
			isa = PBXGroup;
			children = (
				D09F9C5C1C59242400D36083 /* PuzzledSister */,
				D09F9C5B1C59242400D36083 /* Products */,
			);
			sourceTree = "<group>";
		};
		D09F9C5B1C59242400D36083 /* Products */ = {
			isa = PBXGroup;
			children = (
				D09F9C5A1C59242400D36083 /* PuzzledSister.app */,
			);
			name = Products;
			sourceTree = "<group>";
		};
		D09F9C5C1C59242400D36083 /* PuzzledSister */ = {
			isa = PBXGroup;
			children = (
				D03E38831C786838000AADE2 /* Classes */,
				D03E385E1C78656F000AADE2 /* Other */,
				D09F9C691C59242400D36083 /* Assets.xcassets */,
				D09F9C6B1C59242400D36083 /* LaunchScreen.storyboard */,
				D09F9C5D1C59242400D36083 /* Supporting Files */,
			);
			path = PuzzledSister;
			sourceTree = "<group>";
		};
		D09F9C5D1C59242400D36083 /* Supporting Files */ = {
			isa = PBXGroup;
			children = (
				D03E38671C786635000AADE2 /* Info.plist */,
				D03E38681C786635000AADE2 /* main.m */,
			);
			name = "Supporting Files";
			sourceTree = "<group>";
		};
/* End PBXGroup section */

/* Begin PBXNativeTarget section */
		D09F9C591C59242400D36083 /* PuzzledSister */ = {
			isa = PBXNativeTarget;
			buildConfigurationList = D09F9C711C59242400D36083 /* Build configuration list for PBXNativeTarget "PuzzledSister" */;
			buildPhases = (
				D09F9C561C59242400D36083 /* Sources */,
				D09F9C571C59242400D36083 /* Frameworks */,
				D09F9C581C59242400D36083 /* Resources */,
			);
			buildRules = (
			);
			dependencies = (
			);
			name = PuzzledSister;
			productName = PuzzledSister;
			productReference = D09F9C5A1C59242400D36083 /* PuzzledSister.app */;
			productType = "com.apple.product-type.application";
		};
/* End PBXNativeTarget section */

/* Begin PBXProject section */
		D09F9C521C59242400D36083 /* Project object */ = {
			isa = PBXProject;
			attributes = {
				CLASSPREFIX = XQZ;
				LastUpgradeCheck = 0720;
				ORGANIZATIONNAME = liwei;
				TargetAttributes = {
					D09F9C591C59242400D36083 = {
						CreatedOnToolsVersion = 7.2;
					};
				};
			};
			buildConfigurationList = D09F9C551C59242400D36083 /* Build configuration list for PBXProject "PuzzledSister" */;
			compatibilityVersion = "Xcode 3.2";
			developmentRegion = English;
			hasScannedForEncodings = 0;
			knownRegions = (
				en,
				Base,
			);
			mainGroup = D09F9C511C59242400D36083;
			productRefGroup = D09F9C5B1C59242400D36083 /* Products */;
			projectDirPath = "";
			projectRoot = "";
			targets = (
				D09F9C591C59242400D36083 /* PuzzledSister */,
			);
		};
/* End PBXProject section */

/* Begin PBXResourcesBuildPhase section */
		D09F9C581C59242400D36083 /* Resources */ = {
			isa = PBXResourcesBuildPhase;
			buildActionMask = 2147483647;
			files = (
				D09F9C6D1C59242400D36083 /* LaunchScreen.storyboard in Resources */,
				D09F9C6A1C59242400D36083 /* Assets.xcassets in Resources */,
				D03E38691C786635000AADE2 /* Info.plist in Resources */,
			);
			runOnlyForDeploymentPostprocessing = 0;
		};
/* End PBXResourcesBuildPhase section */

/* Begin PBXSourcesBuildPhase section */
		D09F9C561C59242400D36083 /* Sources */ = {
			isa = PBXSourcesBuildPhase;
			buildActionMask = 2147483647;
			files = (
				D03E38A21C786838000AADE2 /* XQZAttentionViewController.m in Sources */,
				D03E38631C78656F000AADE2 /* AppDelegate.m in Sources */,
				D03E38A41C786838000AADE2 /* XQZTabBarController.m in Sources */,
				D03E38A31C786838000AADE2 /* XQZBestViewController.m in Sources */,
				D03E38A51C786838000AADE2 /* XQZMeViewController.m in Sources */,
				D03E38A91C7869DF000AADE2 /* XQZTabBar.m in Sources */,
				D03E38A61C786838000AADE2 /* XQZNewViewController.m in Sources */,
				D03E386A1C786635000AADE2 /* main.m in Sources */,
			);
			runOnlyForDeploymentPostprocessing = 0;
		};
/* End PBXSourcesBuildPhase section */

/* Begin PBXVariantGroup section */
		D09F9C6B1C59242400D36083 /* LaunchScreen.storyboard */ = {
			isa = PBXVariantGroup;
			children = (
				D09F9C6C1C59242400D36083 /* Base */,
			);
			name = LaunchScreen.storyboard;
			sourceTree = "<group>";
		};
/* End PBXVariantGroup section */

/* Begin XCBuildConfiguration section */
		D09F9C6F1C59242400D36083 /* Debug */ = {
			isa = XCBuildConfiguration;
			buildSettings = {
				ALWAYS_SEARCH_USER_PATHS = NO;
				CLANG_CXX_LANGUAGE_STANDARD = "gnu++0x";
				CLANG_CXX_LIBRARY = "libc++";
				CLANG_ENABLE_MODULES = YES;
				CLANG_ENABLE_OBJC_ARC = YES;
				CLANG_WARN_BOOL_CONVERSION = YES;
				CLANG_WARN_CONSTANT_CONVERSION = YES;
				CLANG_WARN_DIRECT_OBJC_ISA_USAGE = YES_ERROR;
				CLANG_WARN_EMPTY_BODY = YES;
				CLANG_WARN_ENUM_CONVERSION = YES;
				CLANG_WARN_INT_CONVERSION = YES;
				CLANG_WARN_OBJC_ROOT_CLASS = YES_ERROR;
				CLANG_WARN_UNREACHABLE_CODE = YES;
				CLANG_WARN__DUPLICATE_METHOD_MATCH = YES;
				"CODE_SIGN_IDENTITY[sdk=iphoneos*]" = "iPhone Developer";
				COPY_PHASE_STRIP = NO;
				DEBUG_INFORMATION_FORMAT = dwarf;
				ENABLE_STRICT_OBJC_MSGSEND = YES;
				ENABLE_TESTABILITY = YES;
				GCC_C_LANGUAGE_STANDARD = gnu99;
				GCC_DYNAMIC_NO_PIC = NO;
				GCC_NO_COMMON_BLOCKS = YES;
				GCC_OPTIMIZATION_LEVEL = 0;
				GCC_PREPROCESSOR_DEFINITIONS = (
					"DEBUG=1",
					"$(inherited)",
				);
				GCC_WARN_64_TO_32_BIT_CONVERSION = YES;
				GCC_WARN_ABOUT_RETURN_TYPE = YES_ERROR;
				GCC_WARN_UNDECLARED_SELECTOR = YES;
				GCC_WARN_UNINITIALIZED_AUTOS = YES_AGGRESSIVE;
				GCC_WARN_UNUSED_FUNCTION = YES;
				GCC_WARN_UNUSED_VARIABLE = YES;
				IPHONEOS_DEPLOYMENT_TARGET = 9.2;
				MTL_ENABLE_DEBUG_INFO = YES;
				ONLY_ACTIVE_ARCH = YES;
				SDKROOT = iphoneos;
				TARGETED_DEVICE_FAMILY = "1,2";
			};
			name = Debug;
		};
		D09F9C701C59242400D36083 /* Release */ = {
			isa = XCBuildConfiguration;
			buildSettings = {
				ALWAYS_SEARCH_USER_PATHS = NO;
				CLANG_CXX_LANGUAGE_STANDARD = "gnu++0x";
				CLANG_CXX_LIBRARY = "libc++";
				CLANG_ENABLE_MODULES = YES;
				CLANG_ENABLE_OBJC_ARC = YES;
				CLANG_WARN_BOOL_CONVERSION = YES;
				CLANG_WARN_CONSTANT_CONVERSION = YES;
				CLANG_WARN_DIRECT_OBJC_ISA_USAGE = YES_ERROR;
				CLANG_WARN_EMPTY_BODY = YES;
				CLANG_WARN_ENUM_CONVERSION = YES;
				CLANG_WARN_INT_CONVERSION = YES;
				CLANG_WARN_OBJC_ROOT_CLASS = YES_ERROR;
				CLANG_WARN_UNREACHABLE_CODE = YES;
				CLANG_WARN__DUPLICATE_METHOD_MATCH = YES;
				"CODE_SIGN_IDENTITY[sdk=iphoneos*]" = "iPhone Developer";
				COPY_PHASE_STRIP = NO;
				DEBUG_INFORMATION_FORMAT = "dwarf-with-dsym";
				ENABLE_NS_ASSERTIONS = NO;
				ENABLE_STRICT_OBJC_MSGSEND = YES;
				GCC_C_LANGUAGE_STANDARD = gnu99;
				GCC_NO_COMMON_BLOCKS = YES;
				GCC_WARN_64_TO_32_BIT_CONVERSION = YES;
				GCC_WARN_ABOUT_RETURN_TYPE = YES_ERROR;
				GCC_WARN_UNDECLARED_SELECTOR = YES;
				GCC_WARN_UNINITIALIZED_AUTOS = YES_AGGRESSIVE;
				GCC_WARN_UNUSED_FUNCTION = YES;
				GCC_WARN_UNUSED_VARIABLE = YES;
				IPHONEOS_DEPLOYMENT_TARGET = 9.2;
				MTL_ENABLE_DEBUG_INFO = NO;
				SDKROOT = iphoneos;
				TARGETED_DEVICE_FAMILY = "1,2";
				VALIDATE_PRODUCT = YES;
			};
			name = Release;
		};
		D09F9C721C59242400D36083 /* Debug */ = {
			isa = XCBuildConfiguration;
			buildSettings = {
				ASSETCATALOG_COMPILER_APPICON_NAME = AppIcon;
				ASSETCATALOG_COMPILER_LAUNCHIMAGE_NAME = LaunchImage;
				CODE_SIGN_IDENTITY = "iPhone Developer";
				INFOPLIST_FILE = PuzzledSister/Info.plist;
				IPHONEOS_DEPLOYMENT_TARGET = 7.1;
				LD_RUNPATH_SEARCH_PATHS = "$(inherited) @executable_path/Frameworks";
				PRODUCT_BUNDLE_IDENTIFIER = com.example.PuzzledSister;
				PRODUCT_NAME = "$(TARGET_NAME)";
				TARGETED_DEVICE_FAMILY = 1;
			};
			name = Debug;
		};
		D09F9C731C59242400D36083 /* Release */ = {
			isa = XCBuildConfiguration;
			buildSettings = {
				ASSETCATALOG_COMPILER_APPICON_NAME = AppIcon;
				ASSETCATALOG_COMPILER_LAUNCHIMAGE_NAME = LaunchImage;
				CODE_SIGN_IDENTITY = "iPhone Developer";
				INFOPLIST_FILE = PuzzledSister/Info.plist;
				IPHONEOS_DEPLOYMENT_TARGET = 7.1;
				LD_RUNPATH_SEARCH_PATHS = "$(inherited) @executable_path/Frameworks";
				PRODUCT_BUNDLE_IDENTIFIER = com.example.PuzzledSister;
				PRODUCT_NAME = "$(TARGET_NAME)";
				TARGETED_DEVICE_FAMILY = 1;
			};
			name = Release;
		};
/* End XCBuildConfiguration section */

/* Begin XCConfigurationList section */
		D09F9C551C59242400D36083 /* Build configuration list for PBXProject "PuzzledSister" */ = {
			isa = XCConfigurationList;
			buildConfigurations = (
				D09F9C6F1C59242400D36083 /* Debug */,
				D09F9C701C59242400D36083 /* Release */,
			);
			defaultConfigurationIsVisible = 0;
			defaultConfigurationName = Release;
		};
		D09F9C711C59242400D36083 /* Build configuration list for PBXNativeTarget "PuzzledSister" */ = {
			isa = XCConfigurationList;
			buildConfigurations = (
				D09F9C721C59242400D36083 /* Debug */,
				D09F9C731C59242400D36083 /* Release */,
			);
			defaultConfigurationIsVisible = 0;
			defaultConfigurationName = Release;
		};
/* End XCConfigurationList section */
	};
	rootObject = D09F9C521C59242400D36083 /* Project object */;
}
