// !$*UTF8*$!
{
	archiveVersion = 1;
	classes = {
	};
	objectVersion = 46;
	objects = {

/* Begin PBXBuildFile section */
		D06BF6671C7DF6C900118366 /* main.m in Sources */ = {isa = PBXBuildFile; fileRef = D06BF6661C7DF6C900118366 /* main.m */; };
		D06BF66A1C7DF6C900118366 /* AppDelegate.m in Sources */ = {isa = PBXBuildFile; fileRef = D06BF6691C7DF6C900118366 /* AppDelegate.m */; };
		D06BF66D1C7DF6C900118366 /* ViewController.m in Sources */ = {isa = PBXBuildFile; fileRef = D06BF66C1C7DF6C900118366 /* ViewController.m */; };
		D06BF6701C7DF6C900118366 /* Main.storyboard in Resources */ = {isa = PBXBuildFile; fileRef = D06BF66E1C7DF6C900118366 /* Main.storyboard */; };
		D06BF6721C7DF6C900118366 /* Assets.xcassets in Resources */ = {isa = PBXBuildFile; fileRef = D06BF6711C7DF6C900118366 /* Assets.xcassets */; };
		D06BF6751C7DF6C900118366 /* LaunchScreen.storyboard in Resources */ = {isa = PBXBuildFile; fileRef = D06BF6731C7DF6C900118366 /* LaunchScreen.storyboard */; };
		D06BF67E1C7DF72E00118366 /* TestViewController.m in Sources */ = {isa = PBXBuildFile; fileRef = D06BF67D1C7DF72E00118366 /* TestViewController.m */; };
		D0DE21EC1C7F5F70006D06C5 /* TestOneViewController.m in Sources */ = {isa = PBXBuildFile; fileRef = D0DE21EB1C7F5F70006D06C5 /* TestOneViewController.m */; };
		D0DE21EF1C7F6101006D06C5 /* XXOOViewController.m in Sources */ = {isa = PBXBuildFile; fileRef = D0DE21EE1C7F6101006D06C5 /* XXOOViewController.m */; };
/* End PBXBuildFile section */

/* Begin PBXFileReference section */
		D06BF6621C7DF6C900118366 /* presentViewController.app */ = {isa = PBXFileReference; explicitFileType = wrapper.application; includeInIndex = 0; path = presentViewController.app; sourceTree = BUILT_PRODUCTS_DIR; };
		D06BF6661C7DF6C900118366 /* main.m */ = {isa = PBXFileReference; lastKnownFileType = sourcecode.c.objc; path = main.m; sourceTree = "<group>"; };
		D06BF6681C7DF6C900118366 /* AppDelegate.h */ = {isa = PBXFileReference; lastKnownFileType = sourcecode.c.h; path = AppDelegate.h; sourceTree = "<group>"; };
		D06BF6691C7DF6C900118366 /* AppDelegate.m */ = {isa = PBXFileReference; lastKnownFileType = sourcecode.c.objc; path = AppDelegate.m; sourceTree = "<group>"; };
		D06BF66B1C7DF6C900118366 /* ViewController.h */ = {isa = PBXFileReference; lastKnownFileType = sourcecode.c.h; path = ViewController.h; sourceTree = "<group>"; };
		D06BF66C1C7DF6C900118366 /* ViewController.m */ = {isa = PBXFileReference; lastKnownFileType = sourcecode.c.objc; path = ViewController.m; sourceTree = "<group>"; };
		D06BF66F1C7DF6C900118366 /* Base */ = {isa = PBXFileReference; lastKnownFileType = file.storyboard; name = Base; path = Base.lproj/Main.storyboard; sourceTree = "<group>"; };
		D06BF6711C7DF6C900118366 /* Assets.xcassets */ = {isa = PBXFileReference; lastKnownFileType = folder.assetcatalog; path = Assets.xcassets; sourceTree = "<group>"; };
		D06BF6741C7DF6C900118366 /* Base */ = {isa = PBXFileReference; lastKnownFileType = file.storyboard; name = Base; path = Base.lproj/LaunchScreen.storyboard; sourceTree = "<group>"; };
		D06BF6761C7DF6C900118366 /* Info.plist */ = {isa = PBXFileReference; lastKnownFileType = text.plist.xml; path = Info.plist; sourceTree = "<group>"; };
		D06BF67C1C7DF72E00118366 /* TestViewController.h */ = {isa = PBXFileReference; fileEncoding = 4; lastKnownFileType = sourcecode.c.h; path = TestViewController.h; sourceTree = "<group>"; };
		D06BF67D1C7DF72E00118366 /* TestViewController.m */ = {isa = PBXFileReference; fileEncoding = 4; lastKnownFileType = sourcecode.c.objc; path = TestViewController.m; sourceTree = "<group>"; };
		D0DE21EA1C7F5F70006D06C5 /* TestOneViewController.h */ = {isa = PBXFileReference; fileEncoding = 4; lastKnownFileType = sourcecode.c.h; path = TestOneViewController.h; sourceTree = "<group>"; };
		D0DE21EB1C7F5F70006D06C5 /* TestOneViewController.m */ = {isa = PBXFileReference; fileEncoding = 4; lastKnownFileType = sourcecode.c.objc; path = TestOneViewController.m; sourceTree = "<group>"; };
		D0DE21ED1C7F6101006D06C5 /* XXOOViewController.h */ = {isa = PBXFileReference; fileEncoding = 4; lastKnownFileType = sourcecode.c.h; path = XXOOViewController.h; sourceTree = "<group>"; };
		D0DE21EE1C7F6101006D06C5 /* XXOOViewController.m */ = {isa = PBXFileReference; fileEncoding = 4; lastKnownFileType = sourcecode.c.objc; path = XXOOViewController.m; sourceTree = "<group>"; };
/* End PBXFileReference section */

/* Begin PBXFrameworksBuildPhase section */
		D06BF65F1C7DF6C900118366 /* Frameworks */ = {
			isa = PBXFrameworksBuildPhase;
			buildActionMask = 2147483647;
			files = (
			);
			runOnlyForDeploymentPostprocessing = 0;
		};
/* End PBXFrameworksBuildPhase section */

/* Begin PBXGroup section */
		D06BF6591C7DF6C900118366 = {
			isa = PBXGroup;
			children = (
				D06BF6641C7DF6C900118366 /* presentViewController */,
				D06BF6631C7DF6C900118366 /* Products */,
			);
			sourceTree = "<group>";
		};
		D06BF6631C7DF6C900118366 /* Products */ = {
			isa = PBXGroup;
			children = (
				D06BF6621C7DF6C900118366 /* presentViewController.app */,
			);
			name = Products;
			sourceTree = "<group>";
		};
		D06BF6641C7DF6C900118366 /* presentViewController */ = {
			isa = PBXGroup;
			children = (
				D06BF6681C7DF6C900118366 /* AppDelegate.h */,
				D06BF6691C7DF6C900118366 /* AppDelegate.m */,
				D06BF66B1C7DF6C900118366 /* ViewController.h */,
				D06BF66C1C7DF6C900118366 /* ViewController.m */,
				D06BF66E1C7DF6C900118366 /* Main.storyboard */,
				D06BF6711C7DF6C900118366 /* Assets.xcassets */,
				D06BF6731C7DF6C900118366 /* LaunchScreen.storyboard */,
				D06BF6761C7DF6C900118366 /* Info.plist */,
				D06BF6651C7DF6C900118366 /* Supporting Files */,
				D06BF67C1C7DF72E00118366 /* TestViewController.h */,
				D06BF67D1C7DF72E00118366 /* TestViewController.m */,
				D0DE21EA1C7F5F70006D06C5 /* TestOneViewController.h */,
				D0DE21EB1C7F5F70006D06C5 /* TestOneViewController.m */,
				D0DE21ED1C7F6101006D06C5 /* XXOOViewController.h */,
				D0DE21EE1C7F6101006D06C5 /* XXOOViewController.m */,
			);
			path = presentViewController;
			sourceTree = "<group>";
		};
		D06BF6651C7DF6C900118366 /* Supporting Files */ = {
			isa = PBXGroup;
			children = (
				D06BF6661C7DF6C900118366 /* main.m */,
			);
			name = "Supporting Files";
			sourceTree = "<group>";
		};
/* End PBXGroup section */

/* Begin PBXNativeTarget section */
		D06BF6611C7DF6C900118366 /* presentViewController */ = {
			isa = PBXNativeTarget;
			buildConfigurationList = D06BF6791C7DF6C900118366 /* Build configuration list for PBXNativeTarget "presentViewController" */;
			buildPhases = (
				D06BF65E1C7DF6C900118366 /* Sources */,
				D06BF65F1C7DF6C900118366 /* Frameworks */,
				D06BF6601C7DF6C900118366 /* Resources */,
			);
			buildRules = (
			);
			dependencies = (
			);
			name = presentViewController;
			productName = presentViewController;
			productReference = D06BF6621C7DF6C900118366 /* presentViewController.app */;
			productType = "com.apple.product-type.application";
		};
/* End PBXNativeTarget section */

/* Begin PBXProject section */
		D06BF65A1C7DF6C900118366 /* Project object */ = {
			isa = PBXProject;
			attributes = {
				LastUpgradeCheck = 0720;
				ORGANIZATIONNAME = liwei;
				TargetAttributes = {
					D06BF6611C7DF6C900118366 = {
						CreatedOnToolsVersion = 7.2.1;
						DevelopmentTeam = D49HWBNX5M;
					};
				};
			};
			buildConfigurationList = D06BF65D1C7DF6C900118366 /* Build configuration list for PBXProject "presentViewController" */;
			compatibilityVersion = "Xcode 3.2";
			developmentRegion = English;
			hasScannedForEncodings = 0;
			knownRegions = (
				en,
				Base,
			);
			mainGroup = D06BF6591C7DF6C900118366;
			productRefGroup = D06BF6631C7DF6C900118366 /* Products */;
			projectDirPath = "";
			projectRoot = "";
			targets = (
				D06BF6611C7DF6C900118366 /* presentViewController */,
			);
		};
/* End PBXProject section */

/* Begin PBXResourcesBuildPhase section */
		D06BF6601C7DF6C900118366 /* Resources */ = {
			isa = PBXResourcesBuildPhase;
			buildActionMask = 2147483647;
			files = (
				D06BF6751C7DF6C900118366 /* LaunchScreen.storyboard in Resources */,
				D06BF6721C7DF6C900118366 /* Assets.xcassets in Resources */,
				D06BF6701C7DF6C900118366 /* Main.storyboard in Resources */,
			);
			runOnlyForDeploymentPostprocessing = 0;
		};
/* End PBXResourcesBuildPhase section */

/* Begin PBXSourcesBuildPhase section */
		D06BF65E1C7DF6C900118366 /* Sources */ = {
			isa = PBXSourcesBuildPhase;
			buildActionMask = 2147483647;
			files = (
				D0DE21EC1C7F5F70006D06C5 /* TestOneViewController.m in Sources */,
				D06BF66D1C7DF6C900118366 /* ViewController.m in Sources */,
				D06BF66A1C7DF6C900118366 /* AppDelegate.m in Sources */,
				D06BF67E1C7DF72E00118366 /* TestViewController.m in Sources */,
				D0DE21EF1C7F6101006D06C5 /* XXOOViewController.m in Sources */,
				D06BF6671C7DF6C900118366 /* main.m in Sources */,
			);
			runOnlyForDeploymentPostprocessing = 0;
		};
/* End PBXSourcesBuildPhase section */

/* Begin PBXVariantGroup section */
		D06BF66E1C7DF6C900118366 /* Main.storyboard */ = {
			isa = PBXVariantGroup;
			children = (
				D06BF66F1C7DF6C900118366 /* Base */,
			);
			name = Main.storyboard;
			sourceTree = "<group>";
		};
		D06BF6731C7DF6C900118366 /* LaunchScreen.storyboard */ = {
			isa = PBXVariantGroup;
			children = (
				D06BF6741C7DF6C900118366 /* Base */,
			);
			name = LaunchScreen.storyboard;
			sourceTree = "<group>";
		};
/* End PBXVariantGroup section */

/* Begin XCBuildConfiguration section */
		D06BF6771C7DF6C900118366 /* Debug */ = {
			isa = XCBuildConfiguration;
			buildSettings = {
				ALWAYS_SEARCH_USER_PATHS = NO;
				CLANG_CXX_LANGUAGE_STANDARD = "gnu++0x";
				CLANG_CXX_LIBRARY = "libc++";
				CLANG_ENABLE_MODULES = YES;
				CLANG_ENABLE_OBJC_ARC = YES;
				CLANG_WARN_BOOL_CONVERSION = YES;
				CLANG_WARN_CONSTANT_CONVERSION = YES;
				CLANG_WARN_DIRECT_OBJC_ISA_USAGE = YES_ERROR;
				CLANG_WARN_EMPTY_BODY = YES;
				CLANG_WARN_ENUM_CONVERSION = YES;
				CLANG_WARN_INT_CONVERSION = YES;
				CLANG_WARN_OBJC_ROOT_CLASS = YES_ERROR;
				CLANG_WARN_UNREACHABLE_CODE = YES;
				CLANG_WARN__DUPLICATE_METHOD_MATCH = YES;
				"CODE_SIGN_IDENTITY[sdk=iphoneos*]" = "iPhone Developer";
				COPY_PHASE_STRIP = NO;
				DEBUG_INFORMATION_FORMAT = dwarf;
				ENABLE_STRICT_OBJC_MSGSEND = YES;
				ENABLE_TESTABILITY = YES;
				GCC_C_LANGUAGE_STANDARD = gnu99;
				GCC_DYNAMIC_NO_PIC = NO;
				GCC_NO_COMMON_BLOCKS = YES;
				GCC_OPTIMIZATION_LEVEL = 0;
				GCC_PREPROCESSOR_DEFINITIONS = (
					"DEBUG=1",
					"$(inherited)",
				);
				GCC_WARN_64_TO_32_BIT_CONVERSION = YES;
				GCC_WARN_ABOUT_RETURN_TYPE = YES_ERROR;
				GCC_WARN_UNDECLARED_SELECTOR = YES;
				GCC_WARN_UNINITIALIZED_AUTOS = YES_AGGRESSIVE;
				GCC_WARN_UNUSED_FUNCTION = YES;
				GCC_WARN_UNUSED_VARIABLE = YES;
				IPHONEOS_DEPLOYMENT_TARGET = 9.2;
				MTL_ENABLE_DEBUG_INFO = YES;
				ONLY_ACTIVE_ARCH = YES;
				SDKROOT = iphoneos;
				TARGETED_DEVICE_FAMILY = "1,2";
			};
			name = Debug;
		};
		D06BF6781C7DF6C900118366 /* Release */ = {
			isa = XCBuildConfiguration;
			buildSettings = {
				ALWAYS_SEARCH_USER_PATHS = NO;
				CLANG_CXX_LANGUAGE_STANDARD = "gnu++0x";
				CLANG_CXX_LIBRARY = "libc++";
				CLANG_ENABLE_MODULES = YES;
				CLANG_ENABLE_OBJC_ARC = YES;
				CLANG_WARN_BOOL_CONVERSION = YES;
				CLANG_WARN_CONSTANT_CONVERSION = YES;
				CLANG_WARN_DIRECT_OBJC_ISA_USAGE = YES_ERROR;
				CLANG_WARN_EMPTY_BODY = YES;
				CLANG_WARN_ENUM_CONVERSION = YES;
				CLANG_WARN_INT_CONVERSION = YES;
				CLANG_WARN_OBJC_ROOT_CLASS = YES_ERROR;
				CLANG_WARN_UNREACHABLE_CODE = YES;
				CLANG_WARN__DUPLICATE_METHOD_MATCH = YES;
				"CODE_SIGN_IDENTITY[sdk=iphoneos*]" = "iPhone Developer";
				COPY_PHASE_STRIP = NO;
				DEBUG_INFORMATION_FORMAT = "dwarf-with-dsym";
				ENABLE_NS_ASSERTIONS = NO;
				ENABLE_STRICT_OBJC_MSGSEND = YES;
				GCC_C_LANGUAGE_STANDARD = gnu99;
				GCC_NO_COMMON_BLOCKS = YES;
				GCC_WARN_64_TO_32_BIT_CONVERSION = YES;
				GCC_WARN_ABOUT_RETURN_TYPE = YES_ERROR;
				GCC_WARN_UNDECLARED_SELECTOR = YES;
				GCC_WARN_UNINITIALIZED_AUTOS = YES_AGGRESSIVE;
				GCC_WARN_UNUSED_FUNCTION = YES;
				GCC_WARN_UNUSED_VARIABLE = YES;
				IPHONEOS_DEPLOYMENT_TARGET = 9.2;
				MTL_ENABLE_DEBUG_INFO = NO;
				SDKROOT = iphoneos;
				TARGETED_DEVICE_FAMILY = "1,2";
				VALIDATE_PRODUCT = YES;
			};
			name = Release;
		};
		D06BF67A1C7DF6C900118366 /* Debug */ = {
			isa = XCBuildConfiguration;
			buildSettings = {
				ASSETCATALOG_COMPILER_APPICON_NAME = AppIcon;
				INFOPLIST_FILE = presentViewController/Info.plist;
				LD_RUNPATH_SEARCH_PATHS = "$(inherited) @executable_path/Frameworks";
				PRODUCT_BUNDLE_IDENTIFIER = com.example.presentViewController;
				PRODUCT_NAME = "$(TARGET_NAME)";
			};
			name = Debug;
		};
		D06BF67B1C7DF6C900118366 /* Release */ = {
			isa = XCBuildConfiguration;
			buildSettings = {
				ASSETCATALOG_COMPILER_APPICON_NAME = AppIcon;
				INFOPLIST_FILE = presentViewController/Info.plist;
				LD_RUNPATH_SEARCH_PATHS = "$(inherited) @executable_path/Frameworks";
				PRODUCT_BUNDLE_IDENTIFIER = com.example.presentViewController;
				PRODUCT_NAME = "$(TARGET_NAME)";
			};
			name = Release;
		};
/* End XCBuildConfiguration section */

/* Begin XCConfigurationList section */
		D06BF65D1C7DF6C900118366 /* Build configuration list for PBXProject "presentViewController" */ = {
			isa = XCConfigurationList;
			buildConfigurations = (
				D06BF6771C7DF6C900118366 /* Debug */,
				D06BF6781C7DF6C900118366 /* Release */,
			);
			defaultConfigurationIsVisible = 0;
			defaultConfigurationName = Release;
		};
		D06BF6791C7DF6C900118366 /* Build configuration list for PBXNativeTarget "presentViewController" */ = {
			isa = XCConfigurationList;
			buildConfigurations = (
				D06BF67A1C7DF6C900118366 /* Debug */,
				D06BF67B1C7DF6C900118366 /* Release */,
			);
			defaultConfigurationIsVisible = 0;
			defaultConfigurationName = Release;
		};
/* End XCConfigurationList section */
	};
	rootObject = D06BF65A1C7DF6C900118366 /* Project object */;
}
